// !$*UTF8*$!
{
	archiveVersion = 1;
	classes = {
	};
	objectVersion = 50;
	objects = {

/* Begin PBXBuildFile section */
		4DCCF43224930948001853CA /* AppDelegate.swift in Sources */ = {isa = PBXBuildFile; fileRef = 4DCCF43124930948001853CA /* AppDelegate.swift */; };
		4DCCF43424930948001853CA /* SceneDelegate.swift in Sources */ = {isa = PBXBuildFile; fileRef = 4DCCF43324930948001853CA /* SceneDelegate.swift */; };
		4DCCF43624930948001853CA /* TextViewController.swift in Sources */ = {isa = PBXBuildFile; fileRef = 4DCCF43524930948001853CA /* TextViewController.swift */; };
		4DCCF43824930948001853CA /* PosterViewController.swift in Sources */ = {isa = PBXBuildFile; fileRef = 4DCCF43724930948001853CA /* PosterViewController.swift */; };
		4DCCF43B24930948001853CA /* Main.storyboard in Resources */ = {isa = PBXBuildFile; fileRef = 4DCCF43924930948001853CA /* Main.storyboard */; };
		4DCCF43D2493094A001853CA /* Assets.xcassets in Resources */ = {isa = PBXBuildFile; fileRef = 4DCCF43C2493094A001853CA /* Assets.xcassets */; };
		4DCCF4402493094A001853CA /* LaunchScreen.storyboard in Resources */ = {isa = PBXBuildFile; fileRef = 4DCCF43E2493094A001853CA /* LaunchScreen.storyboard */; };
		4DCCF46A249319D6001853CA /* AudioViewController.swift in Sources */ = {isa = PBXBuildFile; fileRef = 4DCCF469249319D6001853CA /* AudioViewController.swift */; };
		4DCCF46C24931EA9001853CA /* VideoViewController.swift in Sources */ = {isa = PBXBuildFile; fileRef = 4DCCF46B24931EA9001853CA /* VideoViewController.swift */; };
		4DCCF46E2493984F001853CA /* CastTableViewController.swift in Sources */ = {isa = PBXBuildFile; fileRef = 4DCCF46D2493984F001853CA /* CastTableViewController.swift */; };
		4DCCF4702493A391001853CA /* thirdman.mp3 in Resources */ = {isa = PBXBuildFile; fileRef = 4DCCF46F2493A391001853CA /* thirdman.mp3 */; };
		4DCCF4722493A78E001853CA /* thirdman.mov in Resources */ = {isa = PBXBuildFile; fileRef = 4DCCF4712493A78E001853CA /* thirdman.mov */; };
/* End PBXBuildFile section */

/* Begin PBXFileReference section */
		4DCCF42E24930948001853CA /* ThirdMan.app */ = {isa = PBXFileReference; explicitFileType = wrapper.application; includeInIndex = 0; path = ThirdMan.app; sourceTree = BUILT_PRODUCTS_DIR; };
		4DCCF43124930948001853CA /* AppDelegate.swift */ = {isa = PBXFileReference; lastKnownFileType = sourcecode.swift; path = AppDelegate.swift; sourceTree = "<group>"; };
		4DCCF43324930948001853CA /* SceneDelegate.swift */ = {isa = PBXFileReference; lastKnownFileType = sourcecode.swift; path = SceneDelegate.swift; sourceTree = "<group>"; };
		4DCCF43524930948001853CA /* TextViewController.swift */ = {isa = PBXFileReference; lastKnownFileType = sourcecode.swift; path = TextViewController.swift; sourceTree = "<group>"; };
		4DCCF43724930948001853CA /* PosterViewController.swift */ = {isa = PBXFileReference; lastKnownFileType = sourcecode.swift; path = PosterViewController.swift; sourceTree = "<group>"; };
		4DCCF43A24930948001853CA /* Base */ = {isa = PBXFileReference; lastKnownFileType = file.storyboard; name = Base; path = Base.lproj/Main.storyboard; sourceTree = "<group>"; };
		4DCCF43C2493094A001853CA /* Assets.xcassets */ = {isa = PBXFileReference; lastKnownFileType = folder.assetcatalog; path = Assets.xcassets; sourceTree = "<group>"; };
		4DCCF43F2493094A001853CA /* Base */ = {isa = PBXFileReference; lastKnownFileType = file.storyboard; name = Base; path = Base.lproj/LaunchScreen.storyboard; sourceTree = "<group>"; };
		4DCCF4412493094A001853CA /* Info.plist */ = {isa = PBXFileReference; lastKnownFileType = text.plist.xml; path = Info.plist; sourceTree = "<group>"; };
		4DCCF469249319D6001853CA /* AudioViewController.swift */ = {isa = PBXFileReference; lastKnownFileType = sourcecode.swift; path = AudioViewController.swift; sourceTree = "<group>"; };
		4DCCF46B24931EA9001853CA /* VideoViewController.swift */ = {isa = PBXFileReference; lastKnownFileType = sourcecode.swift; path = VideoViewController.swift; sourceTree = "<group>"; };
		4DCCF46D2493984F001853CA /* CastTableViewController.swift */ = {isa = PBXFileReference; lastKnownFileType = sourcecode.swift; path = CastTableViewController.swift; sourceTree = "<group>"; };
		4DCCF46F2493A391001853CA /* thirdman.mp3 */ = {isa = PBXFileReference; lastKnownFileType = audio.mp3; path = thirdman.mp3; sourceTree = "<group>"; };
		4DCCF4712493A78E001853CA /* thirdman.mov */ = {isa = PBXFileReference; lastKnownFileType = video.quicktime; path = thirdman.mov; sourceTree = "<group>"; };
/* End PBXFileReference section */

/* Begin PBXFrameworksBuildPhase section */
		4DCCF42B24930948001853CA /* Frameworks */ = {
			isa = PBXFrameworksBuildPhase;
			buildActionMask = 2147483647;
			files = (
			);
			runOnlyForDeploymentPostprocessing = 0;
		};
/* End PBXFrameworksBuildPhase section */

/* Begin PBXGroup section */
		4DCCF42524930948001853CA = {
			isa = PBXGroup;
			children = (
				4DCCF43024930948001853CA /* ThirdMan */,
				4DCCF42F24930948001853CA /* Products */,
			);
			sourceTree = "<group>";
		};
		4DCCF42F24930948001853CA /* Products */ = {
			isa = PBXGroup;
			children = (
				4DCCF42E24930948001853CA /* ThirdMan.app */,
			);
			name = Products;
			sourceTree = "<group>";
		};
		4DCCF43024930948001853CA /* ThirdMan */ = {
			isa = PBXGroup;
			children = (
				4DCCF43124930948001853CA /* AppDelegate.swift */,
				4DCCF43324930948001853CA /* SceneDelegate.swift */,
				4DCCF43524930948001853CA /* TextViewController.swift */,
				4DCCF43724930948001853CA /* PosterViewController.swift */,
				4DCCF46D2493984F001853CA /* CastTableViewController.swift */,
				4DCCF469249319D6001853CA /* AudioViewController.swift */,
				4DCCF46B24931EA9001853CA /* VideoViewController.swift */,
				4DCCF43924930948001853CA /* Main.storyboard */,
				4DCCF43C2493094A001853CA /* Assets.xcassets */,
				4DCCF43E2493094A001853CA /* LaunchScreen.storyboard */,
				4DCCF4412493094A001853CA /* Info.plist */,
				4DCCF46F2493A391001853CA /* thirdman.mp3 */,
				4DCCF4712493A78E001853CA /* thirdman.mov */,
			);
			path = ThirdMan;
			sourceTree = "<group>";
		};
/* End PBXGroup section */

/* Begin PBXNativeTarget section */
		4DCCF42D24930948001853CA /* ThirdMan */ = {
			isa = PBXNativeTarget;
			buildConfigurationList = 4DCCF4442493094A001853CA /* Build configuration list for PBXNativeTarget "ThirdMan" */;
			buildPhases = (
				4DCCF42A24930948001853CA /* Sources */,
				4DCCF42B24930948001853CA /* Frameworks */,
				4DCCF42C24930948001853CA /* Resources */,
			);
			buildRules = (
			);
			dependencies = (
			);
			name = ThirdMan;
			productName = ThirdMan;
			productReference = 4DCCF42E24930948001853CA /* ThirdMan.app */;
			productType = "com.apple.product-type.application";
		};
/* End PBXNativeTarget section */

/* Begin PBXProject section */
		4DCCF42624930948001853CA /* Project object */ = {
			isa = PBXProject;
			attributes = {
				LastSwiftUpdateCheck = 1150;
				LastUpgradeCheck = 1150;
				ORGANIZATIONNAME = "New York University School of Professional Studies";
				TargetAttributes = {
					4DCCF42D24930948001853CA = {
						CreatedOnToolsVersion = 11.5;
					};
				};
			};
			buildConfigurationList = 4DCCF42924930948001853CA /* Build configuration list for PBXProject "ThirdMan" */;
			compatibilityVersion = "Xcode 9.3";
			developmentRegion = en;
			hasScannedForEncodings = 0;
			knownRegions = (
				en,
				Base,
			);
			mainGroup = 4DCCF42524930948001853CA;
			productRefGroup = 4DCCF42F24930948001853CA /* Products */;
			projectDirPath = "";
			projectRoot = "";
			targets = (
				4DCCF42D24930948001853CA /* ThirdMan */,
			);
		};
/* End PBXProject section */

/* Begin PBXResourcesBuildPhase section */
		4DCCF42C24930948001853CA /* Resources */ = {
			isa = PBXResourcesBuildPhase;
			buildActionMask = 2147483647;
			files = (
				4DCCF4402493094A001853CA /* LaunchScreen.storyboard in Resources */,
				4DCCF4702493A391001853CA /* thirdman.mp3 in Resources */,
				4DCCF43D2493094A001853CA /* Assets.xcassets in Resources */,
				4DCCF4722493A78E001853CA /* thirdman.mov in Resources */,
				4DCCF43B24930948001853CA /* Main.storyboard in Resources */,
			);
			runOnlyForDeploymentPostprocessing = 0;
		};
/* End PBXResourcesBuildPhase section */

/* Begin PBXSourcesBuildPhase section */
		4DCCF42A24930948001853CA /* Sources */ = {
			isa = PBXSourcesBuildPhase;
			buildActionMask = 2147483647;
			files = (
				4DCCF43824930948001853CA /* PosterViewController.swift in Sources */,
				4DCCF43624930948001853CA /* TextViewController.swift in Sources */,
				4DCCF46E2493984F001853CA /* CastTableViewController.swift in Sources */,
				4DCCF46C24931EA9001853CA /* VideoViewController.swift in Sources */,
				4DCCF43224930948001853CA /* AppDelegate.swift in Sources */,
				4DCCF43424930948001853CA /* SceneDelegate.swift in Sources */,
				4DCCF46A249319D6001853CA /* AudioViewController.swift in Sources */,
			);
			runOnlyForDeploymentPostprocessing = 0;
		};
/* End PBXSourcesBuildPhase section */

/* Begin PBXVariantGroup section */
		4DCCF43924930948001853CA /* Main.storyboard */ = {
			isa = PBXVariantGroup;
			children = (
				4DCCF43A24930948001853CA /* Base */,
			);
			name = Main.storyboard;
			sourceTree = "<group>";
		};
		4DCCF43E2493094A001853CA /* LaunchScreen.storyboard */ = {
			isa = PBXVariantGroup;
			children = (
				4DCCF43F2493094A001853CA /* Base */,
			);
			name = LaunchScreen.storyboard;
			sourceTree = "<group>";
		};
/* End PBXVariantGroup section */

/* Begin XCBuildConfiguration section */
		4DCCF4422493094A001853CA /* Debug */ = {
			isa = XCBuildConfiguration;
			buildSettings = {
				ALWAYS_SEARCH_USER_PATHS = NO;
				CLANG_ANALYZER_NONNULL = YES;
				CLANG_ANALYZER_NUMBER_OBJECT_CONVERSION = YES_AGGRESSIVE;
				CLANG_CXX_LANGUAGE_STANDARD = "gnu++14";
				CLANG_CXX_LIBRARY = "libc++";
				CLANG_ENABLE_MODULES = YES;
				CLANG_ENABLE_OBJC_ARC = YES;
				CLANG_ENABLE_OBJC_WEAK = YES;
				CLANG_WARN_BLOCK_CAPTURE_AUTORELEASING = YES;
				CLANG_WARN_BOOL_CONVERSION = YES;
				CLANG_WARN_COMMA = YES;
				CLANG_WARN_CONSTANT_CONVERSION = YES;
				CLANG_WARN_DEPRECATED_OBJC_IMPLEMENTATIONS = YES;
				CLANG_WARN_DIRECT_OBJC_ISA_USAGE = YES_ERROR;
				CLANG_WARN_DOCUMENTATION_COMMENTS = YES;
				CLANG_WARN_EMPTY_BODY = YES;
				CLANG_WARN_ENUM_CONVERSION = YES;
				CLANG_WARN_INFINITE_RECURSION = YES;
				CLANG_WARN_INT_CONVERSION = YES;
				CLANG_WARN_NON_LITERAL_NULL_CONVERSION = YES;
				CLANG_WARN_OBJC_IMPLICIT_RETAIN_SELF = YES;
				CLANG_WARN_OBJC_LITERAL_CONVERSION = YES;
				CLANG_WARN_OBJC_ROOT_CLASS = YES_ERROR;
				CLANG_WARN_RANGE_LOOP_ANALYSIS = YES;
				CLANG_WARN_STRICT_PROTOTYPES = YES;
				CLANG_WARN_SUSPICIOUS_MOVE = YES;
				CLANG_WARN_UNGUARDED_AVAILABILITY = YES_AGGRESSIVE;
				CLANG_WARN_UNREACHABLE_CODE = YES;
				CLANG_WARN__DUPLICATE_METHOD_MATCH = YES;
				COPY_PHASE_STRIP = NO;
				DEBUG_INFORMATION_FORMAT = dwarf;
				ENABLE_STRICT_OBJC_MSGSEND = YES;
				ENABLE_TESTABILITY = YES;
				GCC_C_LANGUAGE_STANDARD = gnu11;
				GCC_DYNAMIC_NO_PIC = NO;
				GCC_NO_COMMON_BLOCKS = YES;
				GCC_OPTIMIZATION_LEVEL = 0;
				GCC_PREPROCESSOR_DEFINITIONS = (
					"DEBUG=1",
					"$(inherited)",
				);
				GCC_WARN_64_TO_32_BIT_CONVERSION = YES;
				GCC_WARN_ABOUT_RETURN_TYPE = YES_ERROR;
				GCC_WARN_UNDECLARED_SELECTOR = YES;
				GCC_WARN_UNINITIALIZED_AUTOS = YES_AGGRESSIVE;
				GCC_WARN_UNUSED_FUNCTION = YES;
				GCC_WARN_UNUSED_VARIABLE = YES;
				IPHONEOS_DEPLOYMENT_TARGET = 13.5;
				MTL_ENABLE_DEBUG_INFO = INCLUDE_SOURCE;
				MTL_FAST_MATH = YES;
				ONLY_ACTIVE_ARCH = YES;
				SDKROOT = iphoneos;
				SWIFT_ACTIVE_COMPILATION_CONDITIONS = DEBUG;
				SWIFT_OPTIMIZATION_LEVEL = "-Onone";
			};
			name = Debug;
		};
		4DCCF4432493094A001853CA /* Release */ = {
			isa = XCBuildConfiguration;
			buildSettings = {
				ALWAYS_SEARCH_USER_PATHS = NO;
				CLANG_ANALYZER_NONNULL = YES;
				CLANG_ANALYZER_NUMBER_OBJECT_CONVERSION = YES_AGGRESSIVE;
				CLANG_CXX_LANGUAGE_STANDARD = "gnu++14";
				CLANG_CXX_LIBRARY = "libc++";
				CLANG_ENABLE_MODULES = YES;
				CLANG_ENABLE_OBJC_ARC = YES;
				CLANG_ENABLE_OBJC_WEAK = YES;
				CLANG_WARN_BLOCK_CAPTURE_AUTORELEASING = YES;
				CLANG_WARN_BOOL_CONVERSION = YES;
				CLANG_WARN_COMMA = YES;
				CLANG_WARN_CONSTANT_CONVERSION = YES;
				CLANG_WARN_DEPRECATED_OBJC_IMPLEMENTATIONS = YES;
				CLANG_WARN_DIRECT_OBJC_ISA_USAGE = YES_ERROR;
				CLANG_WARN_DOCUMENTATION_COMMENTS = YES;
				CLANG_WARN_EMPTY_BODY = YES;
				CLANG_WARN_ENUM_CONVERSION = YES;
				CLANG_WARN_INFINITE_RECURSION = YES;
				CLANG_WARN_INT_CONVERSION = YES;
				CLANG_WARN_NON_LITERAL_NULL_CONVERSION = YES;
				CLANG_WARN_OBJC_IMPLICIT_RETAIN_SELF = YES;
				CLANG_WARN_OBJC_LITERAL_CONVERSION = YES;
				CLANG_WARN_OBJC_ROOT_CLASS = YES_ERROR;
				CLANG_WARN_RANGE_LOOP_ANALYSIS = YES;
				CLANG_WARN_STRICT_PROTOTYPES = YES;
				CLANG_WARN_SUSPICIOUS_MOVE = YES;
				CLANG_WARN_UNGUARDED_AVAILABILITY = YES_AGGRESSIVE;
				CLANG_WARN_UNREACHABLE_CODE = YES;
				CLANG_WARN__DUPLICATE_METHOD_MATCH = YES;
				COPY_PHASE_STRIP = NO;
				DEBUG_INFORMATION_FORMAT = "dwarf-with-dsym";
				ENABLE_NS_ASSERTIONS = NO;
				ENABLE_STRICT_OBJC_MSGSEND = YES;
				GCC_C_LANGUAGE_STANDARD = gnu11;
				GCC_NO_COMMON_BLOCKS = YES;
				GCC_WARN_64_TO_32_BIT_CONVERSION = YES;
				GCC_WARN_ABOUT_RETURN_TYPE = YES_ERROR;
				GCC_WARN_UNDECLARED_SELECTOR = YES;
				GCC_WARN_UNINITIALIZED_AUTOS = YES_AGGRESSIVE;
				GCC_WARN_UNUSED_FUNCTION = YES;
				GCC_WARN_UNUSED_VARIABLE = YES;
				IPHONEOS_DEPLOYMENT_TARGET = 13.5;
				MTL_ENABLE_DEBUG_INFO = NO;
				MTL_FAST_MATH = YES;
				SDKROOT = iphoneos;
				SWIFT_COMPILATION_MODE = wholemodule;
				SWIFT_OPTIMIZATION_LEVEL = "-O";
				VALIDATE_PRODUCT = YES;
			};
			name = Release;
		};
		4DCCF4452493094A001853CA /* Debug */ = {
			isa = XCBuildConfiguration;
			buildSettings = {
				ASSETCATALOG_COMPILER_APPICON_NAME = AppIcon;
				CODE_SIGN_STYLE = Automatic;
				DEVELOPMENT_TEAM = L7QFUUQJZ7;
				INFOPLIST_FILE = ThirdMan/Info.plist;
				LD_RUNPATH_SEARCH_PATHS = (
					"$(inherited)",
					"@executable_path/Frameworks",
				);
				PRODUCT_BUNDLE_IDENTIFIER = edu.nyu.sps.ThirdMan;
				PRODUCT_NAME = "$(TARGET_NAME)";
				SWIFT_VERSION = 5.0;
				TARGETED_DEVICE_FAMILY = "1,2";
			};
			name = Debug;
		};
		4DCCF4462493094A001853CA /* Release */ = {
			isa = XCBuildConfiguration;
			buildSettings = {
				ASSETCATALOG_COMPILER_APPICON_NAME = AppIcon;
				CODE_SIGN_STYLE = Automatic;
				DEVELOPMENT_TEAM = L7QFUUQJZ7;
				INFOPLIST_FILE = ThirdMan/Info.plist;
				LD_RUNPATH_SEARCH_PATHS = (
					"$(inherited)",
					"@executable_path/Frameworks",
				);
				PRODUCT_BUNDLE_IDENTIFIER = edu.nyu.sps.ThirdMan;
				PRODUCT_NAME = "$(TARGET_NAME)";
				SWIFT_VERSION = 5.0;
				TARGETED_DEVICE_FAMILY = "1,2";
			};
			name = Release;
		};
/* End XCBuildConfiguration section */

/* Begin XCConfigurationList section */
		4DCCF42924930948001853CA /* Build configuration list for PBXProject "ThirdMan" */ = {
			isa = XCConfigurationList;
			buildConfigurations = (
				4DCCF4422493094A001853CA /* Debug */,
				4DCCF4432493094A001853CA /* Release */,
			);
			defaultConfigurationIsVisible = 0;
			defaultConfigurationName = Release;
		};
		4DCCF4442493094A001853CA /* Build configuration list for PBXNativeTarget "ThirdMan" */ = {
			isa = XCConfigurationList;
			buildConfigurations = (
				4DCCF4452493094A001853CA /* Debug */,
				4DCCF4462493094A001853CA /* Release */,
			);
			defaultConfigurationIsVisible = 0;
			defaultConfigurationName = Release;
		};
/* End XCConfigurationList section */
	};
	rootObject = 4DCCF42624930948001853CA /* Project object */;
}
